
Microsoft Visual Studio Solution File, Format Version 12.00
# Visual Studio Version 17
VisualStudioVersion = 17.8.33930.147
MinimumVisualStudioVersion = 10.0.40219.1
Project("{9A19103F-16F7-4668-BE54-9A1E7A4F7556}") = "simple-hello-world", "simple-hello-world\simple-hello-world.csproj", "{B5026685-86A9-4D9E-8B04-34D291C2210A}"
EndProject
Project("{2150E333-8FDC-42A3-9474-1A3956D46DE8}") = "Workflows", "Workflows", "{525C0999-F00E-4613-9B73-FBAEDF4C6CFA}"
	ProjectSection(SolutionItems) = preProject
		.github\workflows\build-82136.yaml = .github\workflows\build-82136.yaml
	EndProjectSection
EndProject
Global
	GlobalSection(SolutionConfigurationPlatforms) = preSolution
		Debug|Any CPU = Debug|Any CPU
		Release|Any CPU = Release|Any CPU
	EndGlobalSection
	GlobalSection(ProjectConfigurationPlatforms) = postSolution
		{B5026685-86A9-4D9E-8B04-34D291C2210A}.Debug|Any CPU.ActiveCfg = Debug|Any CPU
		{B5026685-86A9-4D9E-8B04-34D291C2210A}.Debug|Any CPU.Build.0 = Debug|Any CPU
		{B5026685-86A9-4D9E-8B04-34D291C2210A}.Release|Any CPU.ActiveCfg = Release|Any CPU
		{B5026685-86A9-4D9E-8B04-34D291C2210A}.Release|Any CPU.Build.0 = Release|Any CPU
	EndGlobalSection
	GlobalSection(SolutionProperties) = preSolution
		HideSolutionNode = FALSE
	EndGlobalSection
	GlobalSection(ExtensibilityGlobals) = postSolution
		SolutionGuid = {27EA78C0-9952-43FE-8E0B-11278C44C0B5}
	EndGlobalSection
EndGlobal
